
Microsoft Visual Studio Solution File, Format Version 12.00
# Visual Studio Version 17
VisualStudioVersion = 17.14.37301.10 d17.14
MinimumVisualStudioVersion = 10.0.40219.1
Project("{FAE04EC0-301F-11D3-BF4B-00C04F79EFBC}") = "project3VehicleServiceBookingApp", "project3VehicleServiceBookingApp.csproj", "{23BA1B5E-836B-4B57-B14C-EDE59EF5CD6C}"
EndProject
Global
	GlobalSection(SolutionConfigurationPlatforms) = preSolution
		Debug|Any CPU = Debug|Any CPU
		Release|Any CPU = Release|Any CPU
	EndGlobalSection
	GlobalSection(ProjectConfigurationPlatforms) = postSolution
		{23BA1B5E-836B-4B57-B14C-EDE59EF5CD6C}.Debug|Any CPU.ActiveCfg = Debug|Any CPU
		{23BA1B5E-836B-4B57-B14C-EDE59EF5CD6C}.Debug|Any CPU.Build.0 = Debug|Any CPU
		{23BA1B5E-836B-4B57-B14C-EDE59EF5CD6C}.Release|Any CPU.ActiveCfg = Release|Any CPU
		{23BA1B5E-836B-4B57-B14C-EDE59EF5CD6C}.Release|Any CPU.Build.0 = Release|Any CPU
	EndGlobalSection
	GlobalSection(SolutionProperties) = preSolution
		HideSolutionNode = FALSE
	EndGlobalSection
	GlobalSection(ExtensibilityGlobals) = postSolution
		SolutionGuid = {41EE440E-1D17-495E-AF76-08E7BFAB76A9}
	EndGlobalSection
EndGlobal
